
Microsoft Visual Studio Solution File, Format Version 12.00
# Visual Studio 15
VisualStudioVersion = 15.0.27703.2047
MinimumVisualStudioVersion = 10.0.40219.1
Project("{9A19103F-16F7-4668-BE54-9A1E7A4F7556}") = "ChessCore", "ChessCore\ChessCore.csproj", "{EA8CCD08-03E2-451F-BBE2-975844A409C9}"
EndProject
Project("{9A19103F-16F7-4668-BE54-9A1E7A4F7556}") = "ChessCoreEngine", "ChessCoreEngine\ChessCoreEngine.csproj", "{1E0B68CD-E02D-4475-B079-585A2072B821}"
EndProject
Global
	GlobalSection(SolutionConfigurationPlatforms) = preSolution
		Debug|Any CPU = Debug|Any CPU
		Release|Any CPU = Release|Any CPU
	EndGlobalSection
	GlobalSection(ProjectConfigurationPlatforms) = postSolution
		{EA8CCD08-03E2-451F-BBE2-975844A409C9}.Debug|Any CPU.ActiveCfg = Debug|Any CPU
		{EA8CCD08-03E2-451F-BBE2-975844A409C9}.Debug|Any CPU.Build.0 = Debug|Any CPU
		{EA8CCD08-03E2-451F-BBE2-975844A409C9}.Release|Any CPU.ActiveCfg = Release|Any CPU
		{EA8CCD08-03E2-451F-BBE2-975844A409C9}.Release|Any CPU.Build.0 = Release|Any CPU
		{1E0B68CD-E02D-4475-B079-585A2072B821}.Debug|Any CPU.ActiveCfg = Debug|Any CPU
		{1E0B68CD-E02D-4475-B079-585A2072B821}.Debug|Any CPU.Build.0 = Debug|Any CPU
		{1E0B68CD-E02D-4475-B079-585A2072B821}.Release|Any CPU.ActiveCfg = Release|Any CPU
		{1E0B68CD-E02D-4475-B079-585A2072B821}.Release|Any CPU.Build.0 = Release|Any CPU
	EndGlobalSection
	GlobalSection(SolutionProperties) = preSolution
		HideSolutionNode = FALSE
	EndGlobalSection
	GlobalSection(ExtensibilityGlobals) = postSolution
		SolutionGuid = {BBF6302C-F51D-4B29-B329-E5CE6C8B8ED6}
	EndGlobalSection
EndGlobal
